Microsoft Visual Studio Solution File, Format Version 12.00
# Visual Studio Version 17
VisualStudioVersion = 17.11.35017.193
MinimumVisualStudioVersion = 10.0.40219.1
Project("{9A19103F-16F7-4668-BE54-9A1E7A4F7556}") = "MyApp.Api", "MyApp.Api\MyApp.Api.csproj", "{55F55C0B-20AB-4580-95DB-C16E0458225A}"
EndProject
Project("{9A19103F-16F7-4668-BE54-9A1E7A4F7556}") = "MyApp.Application", "MyApp.Application\MyApp.Application.csproj", "{E9768FD4-AFC7-4DB3-B2D2-0E17A1ADC1E6}"
EndProject
Project("{9A19103F-16F7-4668-BE54-9A1E7A4F7556}") = "MyApp.Core", "MyApp.Core\MyApp.Core.csproj", "{70659097-65F4-4014-967B-FE68A65D3619}"
EndProject
Project("{9A19103F-16F7-4668-BE54-9A1E7A4F7556}") = "MyApp.Infrastructure", "MyApp.Infrastructure\MyApp.Infrastructure.csproj", "{99578FB1-93C2-4CD6-AB33-5E1FA7A11672}"
EndProject
Project("{2150E333-8FDC-42A3-9474-1A3956D46DE8}") = "WebAPI", "WebAPI", "{C050F8BE-A285-4F96-BC22-AA86F9D3E7D8}"
EndProject
Project("{2150E333-8FDC-42A3-9474-1A3956D46DE8}") = "ApplicationService", "ApplicationService", "{5ABAB434-477B-4313-BFFE-32086770C461}"
EndProject
Project("{2150E333-8FDC-42A3-9474-1A3956D46DE8}") = "Domain", "Domain", "{A7FF2B7D-E96F-432B-8080-C34759C7C2ED}"
EndProject
Project("{2150E333-8FDC-42A3-9474-1A3956D46DE8}") = "Infrastructure", "Infrastructure", "{B3F1B522-F035-4EE7-8045-11E6910BAD5F}"
EndProject
Project("{FAE04EC0-301F-11D3-BF4B-00C04F79EFBC}") = "MyApp.AppLication.Tests", "MyApp.AppLication.Tests\MyApp.AppLication.Tests.csproj", "{2F672DD1-9FDA-4054-B320-794B606D49DE}"
EndProject
Project("{FAE04EC0-301F-11D3-BF4B-00C04F79EFBC}") = "MyApp.Infrastructure.Tests", "MyApp.Infrastructure.Tests\MyApp.Infrastructure.Tests.csproj", "{538357DD-5E7B-4F14-A62D-FF61B4A1E10C}"
EndProject
Project("{FAE04EC0-301F-11D3-BF4B-00C04F79EFBC}") = "MyApp.Api.Tests", "MyApp.Api.Tests\MyApp.Api.Tests.csproj", "{C1E99F38-03D6-4EFB-9779-6013EBABBC07}"
EndProject
Project("{FAE04EC0-301F-11D3-BF4B-00C04F79EFBC}") = "MyApp.ApplicationTests", "MyApp.ApplicationTests\MyApp.ApplicationTests.csproj", "{0541FC8A-4603-45E8-A487-22B0E45EF1CF}"
EndProject
Global
	GlobalSection(SolutionConfigurationPlatforms) = preSolution
		Debug|Any CPU = Debug|Any CPU
		Release|Any CPU = Release|Any CPU
	EndGlobalSection
	GlobalSection(ProjectConfigurationPlatforms) = postSolution
		{55F55C0B-20AB-4580-95DB-C16E0458225A}.Debug|Any CPU.ActiveCfg = Debug|Any CPU
		{55F55C0B-20AB-4580-95DB-C16E0458225A}.Debug|Any CPU.Build.0 = Debug|Any CPU
		{55F55C0B-20AB-4580-95DB-C16E0458225A}.Release|Any CPU.ActiveCfg = Release|Any CPU
		{55F55C0B-20AB-4580-95DB-C16E0458225A}.Release|Any CPU.Build.0 = Release|Any CPU
		{E9768FD4-AFC7-4DB3-B2D2-0E17A1ADC1E6}.Debug|Any CPU.ActiveCfg = Debug|Any CPU
		{E9768FD4-AFC7-4DB3-B2D2-0E17A1ADC1E6}.Debug|Any CPU.Build.0 = Debug|Any CPU
		{E9768FD4-AFC7-4DB3-B2D2-0E17A1ADC1E6}.Release|Any CPU.ActiveCfg = Release|Any CPU
		{E9768FD4-AFC7-4DB3-B2D2-0E17A1ADC1E6}.Release|Any CPU.Build.0 = Release|Any CPU
		{70659097-65F4-4014-967B-FE68A65D3619}.Debug|Any CPU.ActiveCfg = Debug|Any CPU
		{70659097-65F4-4014-967B-FE68A65D3619}.Debug|Any CPU.Build.0 = Debug|Any CPU
		{70659097-65F4-4014-967B-FE68A65D3619}.Release|Any CPU.ActiveCfg = Release|Any CPU
		{70659097-65F4-4014-967B-FE68A65D3619}.Release|Any CPU.Build.0 = Release|Any CPU
		{99578FB1-93C2-4CD6-AB33-5E1FA7A11672}.Debug|Any CPU.ActiveCfg = Debug|Any CPU
		{99578FB1-93C2-4CD6-AB33-5E1FA7A11672}.Debug|Any CPU.Build.0 = Debug|Any CPU
		{99578FB1-93C2-4CD6-AB33-5E1FA7A11672}.Release|Any CPU.ActiveCfg = Release|Any CPU
		{99578FB1-93C2-4CD6-AB33-5E1FA7A11672}.Release|Any CPU.Build.0 = Release|Any CPU
		{2F672DD1-9FDA-4054-B320-794B606D49DE}.Debug|Any CPU.ActiveCfg = Debug|Any CPU
		{2F672DD1-9FDA-4054-B320-794B606D49DE}.Debug|Any CPU.Build.0 = Debug|Any CPU
		{2F672DD1-9FDA-4054-B320-794B606D49DE}.Release|Any CPU.ActiveCfg = Release|Any CPU
		{2F672DD1-9FDA-4054-B320-794B606D49DE}.Release|Any CPU.Build.0 = Release|Any CPU
		{538357DD-5E7B-4F14-A62D-FF61B4A1E10C}.Debug|Any CPU.ActiveCfg = Debug|Any CPU
		{538357DD-5E7B-4F14-A62D-FF61B4A1E10C}.Debug|Any CPU.Build.0 = Debug|Any CPU
		{538357DD-5E7B-4F14-A62D-FF61B4A1E10C}.Release|Any CPU.ActiveCfg = Release|Any CPU
		{538357DD-5E7B-4F14-A62D-FF61B4A1E10C}.Release|Any CPU.Build.0 = Release|Any CPU
		{C1E99F38-03D6-4EFB-9779-6013EBABBC07}.Debug|Any CPU.ActiveCfg = Debug|Any CPU
		{C1E99F38-03D6-4EFB-9779-6013EBABBC07}.Debug|Any CPU.Build.0 = Debug|Any CPU
		{C1E99F38-03D6-4EFB-9779-6013EBABBC07}.Release|Any CPU.ActiveCfg = Release|Any CPU
		{C1E99F38-03D6-4EFB-9779-6013EBABBC07}.Release|Any CPU.Build.0 = Release|Any CPU
		{0541FC8A-4603-45E8-A487-22B0E45EF1CF}.Debug|Any CPU.ActiveCfg = Debug|Any CPU
		{0541FC8A-4603-45E8-A487-22B0E45EF1CF}.Debug|Any CPU.Build.0 = Debug|Any CPU
		{0541FC8A-4603-45E8-A487-22B0E45EF1CF}.Release|Any CPU.ActiveCfg = Release|Any CPU
		{0541FC8A-4603-45E8-A487-22B0E45EF1CF}.Release|Any CPU.Build.0 = Release|Any CPU
	EndGlobalSection
	GlobalSection(SolutionProperties) = preSolution
		HideSolutionNode = FALSE
	EndGlobalSection
	GlobalSection(NestedProjects) = preSolution
		{55F55C0B-20AB-4580-95DB-C16E0458225A} = {C050F8BE-A285-4F96-BC22-AA86F9D3E7D8}
		{E9768FD4-AFC7-4DB3-B2D2-0E17A1ADC1E6} = {5ABAB434-477B-4313-BFFE-32086770C461}
		{70659097-65F4-4014-967B-FE68A65D3619} = {A7FF2B7D-E96F-432B-8080-C34759C7C2ED}
		{99578FB1-93C2-4CD6-AB33-5E1FA7A11672} = {B3F1B522-F035-4EE7-8045-11E6910BAD5F}
		{2F672DD1-9FDA-4054-B320-794B606D49DE} = {5ABAB434-477B-4313-BFFE-32086770C461}
		{538357DD-5E7B-4F14-A62D-FF61B4A1E10C} = {B3F1B522-F035-4EE7-8045-11E6910BAD5F}
		{C1E99F38-03D6-4EFB-9779-6013EBABBC07} = {C050F8BE-A285-4F96-BC22-AA86F9D3E7D8}
	EndGlobalSection
	GlobalSection(ExtensibilityGlobals) = postSolution
		SolutionGuid = {C47B85F4-F88E-4394-ABB7-747A993D7312}
	EndGlobalSection
EndGlobal
